{
  "name": "srt-quickstart",
  "version": "1.0.0",
  "lockfileVersion": 1,
  "requires": true,
  "dependencies": {
    "subtitle-time": {
      "version": "1.0.2",
      "resolved": "https://registry.npmjs.org/subtitle-time/-/subtitle-time-1.0.2.tgz",
      "integrity": "sha512-7xzVC5cbYb6T81cLAIn0XB7Lye5eH57R/QCBsHqNkqdW/r58O0XY5FUgj/nfxqMRSUuZkPV3/3jKCPUeckNyVw=="
    }
  }
}
